
Microsoft Visual Studio Solution File, Format Version 12.00
# Visual Studio Version 17
VisualStudioVersion = 17.14.36301.6 d17.14
MinimumVisualStudioVersion = 10.0.40219.1
Project("{FAE04EC0-301F-11D3-BF4B-00C04F79EFBC}") = "Laboratorio01", "Laboratorio01\Laboratorio01.csproj", "{23D62BF5-8B50-449F-AD0D-8C2A05EA101D}"
EndProject
Global
	GlobalSection(SolutionConfigurationPlatforms) = preSolution
		Debug|Any CPU = Debug|Any CPU
		Release|Any CPU = Release|Any CPU
	EndGlobalSection
	GlobalSection(ProjectConfigurationPlatforms) = postSolution
		{23D62BF5-8B50-449F-AD0D-8C2A05EA101D}.Debug|Any CPU.ActiveCfg = Debug|Any CPU
		{23D62BF5-8B50-449F-AD0D-8C2A05EA101D}.Debug|Any CPU.Build.0 = Debug|Any CPU
		{23D62BF5-8B50-449F-AD0D-8C2A05EA101D}.Release|Any CPU.ActiveCfg = Release|Any CPU
		{23D62BF5-8B50-449F-AD0D-8C2A05EA101D}.Release|Any CPU.Build.0 = Release|Any CPU
	EndGlobalSection
	GlobalSection(SolutionProperties) = preSolution
		HideSolutionNode = FALSE
	EndGlobalSection
	GlobalSection(ExtensibilityGlobals) = postSolution
		SolutionGuid = {73109715-013C-4DA6-AB62-96FBDD6CFC11}
	EndGlobalSection
EndGlobal
